
Microsoft Visual Studio Solution File, Format Version 12.00
# Visual Studio Version 17
VisualStudioVersion = 17.4.33213.308
MinimumVisualStudioVersion = 10.0.40219.1
Project("{FAE04EC0-301F-11D3-BF4B-00C04F79EFBC}") = "practica sql", "practica sql\practica sql.csproj", "{7155438C-460A-4B51-9E50-53BC261EB245}"
EndProject
Global
	GlobalSection(SolutionConfigurationPlatforms) = preSolution
		Debug|Any CPU = Debug|Any CPU
		Release|Any CPU = Release|Any CPU
	EndGlobalSection
	GlobalSection(ProjectConfigurationPlatforms) = postSolution
		{7155438C-460A-4B51-9E50-53BC261EB245}.Debug|Any CPU.ActiveCfg = Debug|Any CPU
		{7155438C-460A-4B51-9E50-53BC261EB245}.Debug|Any CPU.Build.0 = Debug|Any CPU
		{7155438C-460A-4B51-9E50-53BC261EB245}.Release|Any CPU.ActiveCfg = Release|Any CPU
		{7155438C-460A-4B51-9E50-53BC261EB245}.Release|Any CPU.Build.0 = Release|Any CPU
	EndGlobalSection
	GlobalSection(SolutionProperties) = preSolution
		HideSolutionNode = FALSE
	EndGlobalSection
	GlobalSection(ExtensibilityGlobals) = postSolution
		SolutionGuid = {80B9FF52-6837-45A1-A315-F7EF31F028C2}
	EndGlobalSection
EndGlobal
